// !$*UTF8*$!
{
	archiveVersion = 1;
	classes = {
	};
	objectVersion = 50;
	objects = {

/* Begin PBXBuildFile section */
		4F7489E9223235040042EEA7 /* fd_core_model.c in Sources */ = {isa = PBXBuildFile; fileRef = 4F7489E8223235040042EEA7 /* fd_core_model.c */; };
		4FC3A8762221856300B0FE77 /* main.c in Sources */ = {isa = PBXBuildFile; fileRef = 4FC3A8752221856300B0FE77 /* main.c */; };
		4FC3A9F02221870C00B0FE77 /* x509_create.c in Sources */ = {isa = PBXBuildFile; fileRef = 4FC3A9A62221870C00B0FE77 /* x509_create.c */; };
		4FC3A9F12221870C00B0FE77 /* x509_crt.c in Sources */ = {isa = PBXBuildFile; fileRef = 4FC3A9A72221870C00B0FE77 /* x509_crt.c */; };
		4FC3A9F22221870C00B0FE77 /* aes.c in Sources */ = {isa = PBXBuildFile; fileRef = 4FC3A9A82221870C00B0FE77 /* aes.c */; };
		4FC3A9F32221870C00B0FE77 /* md4.c in Sources */ = {isa = PBXBuildFile; fileRef = 4FC3A9A92221870C00B0FE77 /* md4.c */; };
		4FC3A9F42221870C00B0FE77 /* ssl_srv.c in Sources */ = {isa = PBXBuildFile; fileRef = 4FC3A9AA2221870C00B0FE77 /* ssl_srv.c */; };
		4FC3A9F52221870C00B0FE77 /* camellia.c in Sources */ = {isa = PBXBuildFile; fileRef = 4FC3A9AB2221870C00B0FE77 /* camellia.c */; };
		4FC3A9F62221870C00B0FE77 /* pk_wrap.c in Sources */ = {isa = PBXBuildFile; fileRef = 4FC3A9AC2221870C00B0FE77 /* pk_wrap.c */; };
		4FC3A9F72221870C00B0FE77 /* pk.c in Sources */ = {isa = PBXBuildFile; fileRef = 4FC3A9AD2221870C00B0FE77 /* pk.c */; };
		4FC3A9F82221870C00B0FE77 /* ecdh.c in Sources */ = {isa = PBXBuildFile; fileRef = 4FC3A9AF2221870C00B0FE77 /* ecdh.c */; };
		4FC3A9F92221870C00B0FE77 /* ssl_tls.c in Sources */ = {isa = PBXBuildFile; fileRef = 4FC3A9B02221870C00B0FE77 /* ssl_tls.c */; };
		4FC3A9FA2221870C00B0FE77 /* x509_crl.c in Sources */ = {isa = PBXBuildFile; fileRef = 4FC3A9B12221870C00B0FE77 /* x509_crl.c */; };
		4FC3A9FB2221870C00B0FE77 /* cipher_wrap.c in Sources */ = {isa = PBXBuildFile; fileRef = 4FC3A9B22221870C00B0FE77 /* cipher_wrap.c */; };
		4FC3A9FC2221870C00B0FE77 /* des.c in Sources */ = {isa = PBXBuildFile; fileRef = 4FC3A9B32221870C00B0FE77 /* des.c */; };
		4FC3A9FD2221870C00B0FE77 /* ssl_cookie.c in Sources */ = {isa = PBXBuildFile; fileRef = 4FC3A9B42221870C00B0FE77 /* ssl_cookie.c */; };
		4FC3A9FE2221870C00B0FE77 /* ctr_drbg.c in Sources */ = {isa = PBXBuildFile; fileRef = 4FC3A9B52221870C00B0FE77 /* ctr_drbg.c */; };
		4FC3A9FF2221870C00B0FE77 /* aesni.c in Sources */ = {isa = PBXBuildFile; fileRef = 4FC3A9B62221870C00B0FE77 /* aesni.c */; };
		4FC3AA002221870C00B0FE77 /* dhm.c in Sources */ = {isa = PBXBuildFile; fileRef = 4FC3A9B72221870C00B0FE77 /* dhm.c */; };
		4FC3AA012221870C00B0FE77 /* ssl_cache.c in Sources */ = {isa = PBXBuildFile; fileRef = 4FC3A9B82221870C00B0FE77 /* ssl_cache.c */; };
		4FC3AA022221870C00B0FE77 /* ssl_ciphersuites.c in Sources */ = {isa = PBXBuildFile; fileRef = 4FC3A9B92221870C00B0FE77 /* ssl_ciphersuites.c */; };
		4FC3AA032221870C00B0FE77 /* Makefile in Sources */ = {isa = PBXBuildFile; fileRef = 4FC3A9BA2221870C00B0FE77 /* Makefile */; };
		4FC3AA042221870C00B0FE77 /* hmac_drbg.c in Sources */ = {isa = PBXBuildFile; fileRef = 4FC3A9BB2221870C00B0FE77 /* hmac_drbg.c */; };
		4FC3AA052221870C00B0FE77 /* rsa.c in Sources */ = {isa = PBXBuildFile; fileRef = 4FC3A9BC2221870C00B0FE77 /* rsa.c */; };
		4FC3AA062221870C00B0FE77 /* ssl_ticket.c in Sources */ = {isa = PBXBuildFile; fileRef = 4FC3A9BD2221870C00B0FE77 /* ssl_ticket.c */; };
		4FC3AA072221870C00B0FE77 /* asn1parse.c in Sources */ = {isa = PBXBuildFile; fileRef = 4FC3A9BE2221870C00B0FE77 /* asn1parse.c */; };
		4FC3AA082221870C00B0FE77 /* certs.c in Sources */ = {isa = PBXBuildFile; fileRef = 4FC3A9BF2221870C00B0FE77 /* certs.c */; };
		4FC3AA092221870C00B0FE77 /* pkwrite.c in Sources */ = {isa = PBXBuildFile; fileRef = 4FC3A9C02221870C00B0FE77 /* pkwrite.c */; };
		4FC3AA0A2221870C00B0FE77 /* gcm.c in Sources */ = {isa = PBXBuildFile; fileRef = 4FC3A9C12221870C00B0FE77 /* gcm.c */; };
		4FC3AA0B2221870C00B0FE77 /* sha1.c in Sources */ = {isa = PBXBuildFile; fileRef = 4FC3A9C22221870C00B0FE77 /* sha1.c */; };
		4FC3AA0C2221870C00B0FE77 /* asn1write.c in Sources */ = {isa = PBXBuildFile; fileRef = 4FC3A9C32221870C00B0FE77 /* asn1write.c */; };
		4FC3AA0D2221870C00B0FE77 /* havege.c in Sources */ = {isa = PBXBuildFile; fileRef = 4FC3A9C42221870C00B0FE77 /* havege.c */; };
		4FC3AA0E2221870C00B0FE77 /* ccm.c in Sources */ = {isa = PBXBuildFile; fileRef = 4FC3A9C52221870C00B0FE77 /* ccm.c */; };
		4FC3AA0F2221870C00B0FE77 /* version_features.c in Sources */ = {isa = PBXBuildFile; fileRef = 4FC3A9C62221870C00B0FE77 /* version_features.c */; };
		4FC3AA102221870C00B0FE77 /* entropy_poll.c in Sources */ = {isa = PBXBuildFile; fileRef = 4FC3A9C72221870C00B0FE77 /* entropy_poll.c */; };
		4FC3AA112221870C00B0FE77 /* x509write_csr.c in Sources */ = {isa = PBXBuildFile; fileRef = 4FC3A9C82221870C00B0FE77 /* x509write_csr.c */; };
		4FC3AA122221870C00B0FE77 /* platform.c in Sources */ = {isa = PBXBuildFile; fileRef = 4FC3A9C92221870C00B0FE77 /* platform.c */; };
		4FC3AA132221870C00B0FE77 /* cmac.c in Sources */ = {isa = PBXBuildFile; fileRef = 4FC3A9CA2221870C00B0FE77 /* cmac.c */; };
		4FC3AA142221870C00B0FE77 /* bignum.c in Sources */ = {isa = PBXBuildFile; fileRef = 4FC3A9CB2221870C00B0FE77 /* bignum.c */; };
		4FC3AA152221870C00B0FE77 /* pkparse.c in Sources */ = {isa = PBXBuildFile; fileRef = 4FC3A9CC2221870C00B0FE77 /* pkparse.c */; };
		4FC3AA162221870C00B0FE77 /* debug.c in Sources */ = {isa = PBXBuildFile; fileRef = 4FC3A9CD2221870C00B0FE77 /* debug.c */; };
		4FC3AA172221870C00B0FE77 /* ripemd160.c in Sources */ = {isa = PBXBuildFile; fileRef = 4FC3A9CE2221870C00B0FE77 /* ripemd160.c */; };
		4FC3AA182221870C00B0FE77 /* ssl_cli.c in Sources */ = {isa = PBXBuildFile; fileRef = 4FC3A9CF2221870C00B0FE77 /* ssl_cli.c */; };
		4FC3AA192221870C00B0FE77 /* blowfish.c in Sources */ = {isa = PBXBuildFile; fileRef = 4FC3A9D02221870C00B0FE77 /* blowfish.c */; };
		4FC3AA1A2221870C00B0FE77 /* pkcs5.c in Sources */ = {isa = PBXBuildFile; fileRef = 4FC3A9D12221870C00B0FE77 /* pkcs5.c */; };
		4FC3AA1B2221870C00B0FE77 /* pem.c in Sources */ = {isa = PBXBuildFile; fileRef = 4FC3A9D22221870C00B0FE77 /* pem.c */; };
		4FC3AA1C2221870C00B0FE77 /* oid.c in Sources */ = {isa = PBXBuildFile; fileRef = 4FC3A9D42221870C00B0FE77 /* oid.c */; };
		4FC3AA1D2221870C00B0FE77 /* error.c in Sources */ = {isa = PBXBuildFile; fileRef = 4FC3A9D52221870C00B0FE77 /* error.c */; };
		4FC3AA1E2221870C00B0FE77 /* md2.c in Sources */ = {isa = PBXBuildFile; fileRef = 4FC3A9D62221870C00B0FE77 /* md2.c */; };
		4FC3AA1F2221870C00B0FE77 /* md_wrap.c in Sources */ = {isa = PBXBuildFile; fileRef = 4FC3A9D72221870C00B0FE77 /* md_wrap.c */; };
		4FC3AA202221870C00B0FE77 /* x509_csr.c in Sources */ = {isa = PBXBuildFile; fileRef = 4FC3A9D82221870C00B0FE77 /* x509_csr.c */; };
		4FC3AA212221870C00B0FE77 /* pkcs11.c in Sources */ = {isa = PBXBuildFile; fileRef = 4FC3A9D92221870C00B0FE77 /* pkcs11.c */; };
		4FC3AA222221870C00B0FE77 /* base64.c in Sources */ = {isa = PBXBuildFile; fileRef = 4FC3A9DA2221870C00B0FE77 /* base64.c */; };
		4FC3AA232221870C00B0FE77 /* memory_buffer_alloc.c in Sources */ = {isa = PBXBuildFile; fileRef = 4FC3A9DB2221870C00B0FE77 /* memory_buffer_alloc.c */; };
		4FC3AA242221870C00B0FE77 /* ecp.c in Sources */ = {isa = PBXBuildFile; fileRef = 4FC3A9DC2221870C00B0FE77 /* ecp.c */; };
		4FC3AA252221870C00B0FE77 /* version.c in Sources */ = {isa = PBXBuildFile; fileRef = 4FC3A9DD2221870C00B0FE77 /* version.c */; };
		4FC3AA262221870C00B0FE77 /* x509.c in Sources */ = {isa = PBXBuildFile; fileRef = 4FC3A9DE2221870C00B0FE77 /* x509.c */; };
		4FC3AA272221870C00B0FE77 /* sha256.c in Sources */ = {isa = PBXBuildFile; fileRef = 4FC3A9DF2221870C00B0FE77 /* sha256.c */; };
		4FC3AA282221870C00B0FE77 /* ecp_curves.c in Sources */ = {isa = PBXBuildFile; fileRef = 4FC3A9E02221870C00B0FE77 /* ecp_curves.c */; };
		4FC3AA292221870C00B0FE77 /* md5.c in Sources */ = {isa = PBXBuildFile; fileRef = 4FC3A9E12221870C00B0FE77 /* md5.c */; };
		4FC3AA2A2221870C00B0FE77 /* arc4.c in Sources */ = {isa = PBXBuildFile; fileRef = 4FC3A9E22221870C00B0FE77 /* arc4.c */; };
		4FC3AA2B2221870C00B0FE77 /* timing.c in Sources */ = {isa = PBXBuildFile; fileRef = 4FC3A9E32221870C00B0FE77 /* timing.c */; };
		4FC3AA2C2221870C00B0FE77 /* xtea.c in Sources */ = {isa = PBXBuildFile; fileRef = 4FC3A9E42221870C00B0FE77 /* xtea.c */; };
		4FC3AA2D2221870C00B0FE77 /* x509write_crt.c in Sources */ = {isa = PBXBuildFile; fileRef = 4FC3A9E52221870C00B0FE77 /* x509write_crt.c */; };
		4FC3AA2E2221870C00B0FE77 /* threading.c in Sources */ = {isa = PBXBuildFile; fileRef = 4FC3A9E62221870C00B0FE77 /* threading.c */; };
		4FC3AA2F2221870C00B0FE77 /* padlock.c in Sources */ = {isa = PBXBuildFile; fileRef = 4FC3A9E72221870C00B0FE77 /* padlock.c */; };
		4FC3AA302221870C00B0FE77 /* pkcs12.c in Sources */ = {isa = PBXBuildFile; fileRef = 4FC3A9E82221870C00B0FE77 /* pkcs12.c */; };
		4FC3AA312221870C00B0FE77 /* entropy.c in Sources */ = {isa = PBXBuildFile; fileRef = 4FC3A9E92221870C00B0FE77 /* entropy.c */; };
		4FC3AA322221870C00B0FE77 /* net_sockets.c in Sources */ = {isa = PBXBuildFile; fileRef = 4FC3A9EA2221870C00B0FE77 /* net_sockets.c */; };
		4FC3AA332221870C00B0FE77 /* sha512.c in Sources */ = {isa = PBXBuildFile; fileRef = 4FC3A9EB2221870C00B0FE77 /* sha512.c */; };
		4FC3AA342221870C00B0FE77 /* md.c in Sources */ = {isa = PBXBuildFile; fileRef = 4FC3A9EC2221870C00B0FE77 /* md.c */; };
		4FC3AA352221870C00B0FE77 /* ecjpake.c in Sources */ = {isa = PBXBuildFile; fileRef = 4FC3A9ED2221870C00B0FE77 /* ecjpake.c */; };
		4FC3AA362221870C00B0FE77 /* cipher.c in Sources */ = {isa = PBXBuildFile; fileRef = 4FC3A9EE2221870C00B0FE77 /* cipher.c */; };
		4FC3AA372221870C00B0FE77 /* ecdsa.c in Sources */ = {isa = PBXBuildFile; fileRef = 4FC3A9EF2221870C00B0FE77 /* ecdsa.c */; };
		4FC3AA51222387AF00B0FE77 /* fd_aes_helper.c in Sources */ = {isa = PBXBuildFile; fileRef = 4FC3AA4B222387AF00B0FE77 /* fd_aes_helper.c */; };
		4FC3AA52222387AF00B0FE77 /* fd_zlib_helper.c in Sources */ = {isa = PBXBuildFile; fileRef = 4FC3AA4F222387AF00B0FE77 /* fd_zlib_helper.c */; };
		4FC3AA7322241B4B00B0FE77 /* fd_mmap_helper.c in Sources */ = {isa = PBXBuildFile; fileRef = 4FC3AA7122241B4B00B0FE77 /* fd_mmap_helper.c */; };
		4FC3AA7722241BE100B0FE77 /* fd_console_helper.c in Sources */ = {isa = PBXBuildFile; fileRef = 4FC3AA7622241BE100B0FE77 /* fd_console_helper.c */; };
		4FC3AA9A2224DFE300B0FE77 /* fd_directory_helper.c in Sources */ = {isa = PBXBuildFile; fileRef = 4FC3AA992224DFE300B0FE77 /* fd_directory_helper.c */; };
		4FC3AAA02224E30700B0FE77 /* cJSON.c in Sources */ = {isa = PBXBuildFile; fileRef = 4FC3AA9E2224E30700B0FE77 /* cJSON.c */; };
		4FC3AAA42224E34400B0FE77 /* fd_json_helper.c in Sources */ = {isa = PBXBuildFile; fileRef = 4FC3AAA32224E34400B0FE77 /* fd_json_helper.c */; };
		4FC3AAAB22251C6300B0FE77 /* fd_base_helper.c in Sources */ = {isa = PBXBuildFile; fileRef = 4FC3AAAA22251C6300B0FE77 /* fd_base_helper.c */; };
		4FC3AABB222622A100B0FE77 /* fd_construct_data.c in Sources */ = {isa = PBXBuildFile; fileRef = 4FC3AAB9222622A100B0FE77 /* fd_construct_data.c */; };
		4FC3AABE22262E5B00B0FE77 /* fd_log.c in Sources */ = {isa = PBXBuildFile; fileRef = 4FC3AABD22262E5B00B0FE77 /* fd_log.c */; };
/* End PBXBuildFile section */

/* Begin PBXCopyFilesBuildPhase section */
		4FC3A8702221856300B0FE77 /* CopyFiles */ = {
			isa = PBXCopyFilesBuildPhase;
			buildActionMask = 2147483647;
			dstPath = /usr/share/man/man1/;
			dstSubfolderSpec = 0;
			files = (
			);
			runOnlyForDeploymentPostprocessing = 1;
		};
/* End PBXCopyFilesBuildPhase section */

/* Begin PBXFileReference section */
		4F7489E6222E3D960042EEA7 /* fd_core_model.h */ = {isa = PBXFileReference; lastKnownFileType = sourcecode.c.h; path = fd_core_model.h; sourceTree = "<group>"; };
		4F7489E8223235040042EEA7 /* fd_core_model.c */ = {isa = PBXFileReference; lastKnownFileType = sourcecode.c.c; path = fd_core_model.c; sourceTree = "<group>"; };
		4FC3A8722221856300B0FE77 /* FDLog-Demo */ = {isa = PBXFileReference; explicitFileType = "compiled.mach-o.executable"; includeInIndex = 0; path = "FDLog-Demo"; sourceTree = BUILT_PRODUCTS_DIR; };
		4FC3A8752221856300B0FE77 /* main.c */ = {isa = PBXFileReference; lastKnownFileType = sourcecode.c.c; path = main.c; sourceTree = "<group>"; };
		4FC3A95C2221870C00B0FE77 /* CMakeLists.txt */ = {isa = PBXFileReference; fileEncoding = 4; lastKnownFileType = text; path = CMakeLists.txt; sourceTree = "<group>"; };
		4FC3A95E2221870C00B0FE77 /* pem.h */ = {isa = PBXFileReference; fileEncoding = 4; lastKnownFileType = sourcecode.c.h; path = pem.h; sourceTree = "<group>"; };
		4FC3A95F2221870C00B0FE77 /* check_config.h */ = {isa = PBXFileReference; fileEncoding = 4; lastKnownFileType = sourcecode.c.h; path = check_config.h; sourceTree = "<group>"; };
		4FC3A9602221870C00B0FE77 /* error.h */ = {isa = PBXFileReference; fileEncoding = 4; lastKnownFileType = sourcecode.c.h; path = error.h; sourceTree = "<group>"; };
		4FC3A9612221870C00B0FE77 /* md2.h */ = {isa = PBXFileReference; fileEncoding = 4; lastKnownFileType = sourcecode.c.h; path = md2.h; sourceTree = "<group>"; };
		4FC3A9622221870C00B0FE77 /* oid.h */ = {isa = PBXFileReference; fileEncoding = 4; lastKnownFileType = sourcecode.c.h; path = oid.h; sourceTree = "<group>"; };
		4FC3A9632221870C00B0FE77 /* pkcs5.h */ = {isa = PBXFileReference; fileEncoding = 4; lastKnownFileType = sourcecode.c.h; path = pkcs5.h; sourceTree = "<group>"; };
		4FC3A9642221870C00B0FE77 /* ripemd160.h */ = {isa = PBXFileReference; fileEncoding = 4; lastKnownFileType = sourcecode.c.h; path = ripemd160.h; sourceTree = "<group>"; };
		4FC3A9652221870C00B0FE77 /* blowfish.h */ = {isa = PBXFileReference; fileEncoding = 4; lastKnownFileType = sourcecode.c.h; path = blowfish.h; sourceTree = "<group>"; };
		4FC3A9662221870C00B0FE77 /* debug.h */ = {isa = PBXFileReference; fileEncoding = 4; lastKnownFileType = sourcecode.c.h; path = debug.h; sourceTree = "<group>"; };
		4FC3A9672221870C00B0FE77 /* x509.h */ = {isa = PBXFileReference; fileEncoding = 4; lastKnownFileType = sourcecode.c.h; path = x509.h; sourceTree = "<group>"; };
		4FC3A9682221870C00B0FE77 /* version.h */ = {isa = PBXFileReference; fileEncoding = 4; lastKnownFileType = sourcecode.c.h; path = version.h; sourceTree = "<group>"; };
		4FC3A9692221870C00B0FE77 /* ecp.h */ = {isa = PBXFileReference; fileEncoding = 4; lastKnownFileType = sourcecode.c.h; path = ecp.h; sourceTree = "<group>"; };
		4FC3A96A2221870C00B0FE77 /* net.h */ = {isa = PBXFileReference; fileEncoding = 4; lastKnownFileType = sourcecode.c.h; path = net.h; sourceTree = "<group>"; };
		4FC3A96B2221870C00B0FE77 /* cipher_internal.h */ = {isa = PBXFileReference; fileEncoding = 4; lastKnownFileType = sourcecode.c.h; path = cipher_internal.h; sourceTree = "<group>"; };
		4FC3A96C2221870C00B0FE77 /* md_internal.h */ = {isa = PBXFileReference; fileEncoding = 4; lastKnownFileType = sourcecode.c.h; path = md_internal.h; sourceTree = "<group>"; };
		4FC3A96D2221870C00B0FE77 /* base64.h */ = {isa = PBXFileReference; fileEncoding = 4; lastKnownFileType = sourcecode.c.h; path = base64.h; sourceTree = "<group>"; };
		4FC3A96E2221870C00B0FE77 /* pkcs11.h */ = {isa = PBXFileReference; fileEncoding = 4; lastKnownFileType = sourcecode.c.h; path = pkcs11.h; sourceTree = "<group>"; };
		4FC3A96F2221870C00B0FE77 /* ssl_internal.h */ = {isa = PBXFileReference; fileEncoding = 4; lastKnownFileType = sourcecode.c.h; path = ssl_internal.h; sourceTree = "<group>"; };
		4FC3A9702221870C00B0FE77 /* asn1.h */ = {isa = PBXFileReference; fileEncoding = 4; lastKnownFileType = sourcecode.c.h; path = asn1.h; sourceTree = "<group>"; };
		4FC3A9712221870C00B0FE77 /* config.h */ = {isa = PBXFileReference; fileEncoding = 4; lastKnownFileType = sourcecode.c.h; path = config.h; sourceTree = "<group>"; };
		4FC3A9722221870C00B0FE77 /* memory_buffer_alloc.h */ = {isa = PBXFileReference; fileEncoding = 4; lastKnownFileType = sourcecode.c.h; path = memory_buffer_alloc.h; sourceTree = "<group>"; };
		4FC3A9732221870C00B0FE77 /* x509_csr.h */ = {isa = PBXFileReference; fileEncoding = 4; lastKnownFileType = sourcecode.c.h; path = x509_csr.h; sourceTree = "<group>"; };
		4FC3A9742221870C00B0FE77 /* xtea.h */ = {isa = PBXFileReference; fileEncoding = 4; lastKnownFileType = sourcecode.c.h; path = xtea.h; sourceTree = "<group>"; };
		4FC3A9752221870C00B0FE77 /* threading.h */ = {isa = PBXFileReference; fileEncoding = 4; lastKnownFileType = sourcecode.c.h; path = threading.h; sourceTree = "<group>"; };
		4FC3A9762221870C00B0FE77 /* compat-1.3.h */ = {isa = PBXFileReference; fileEncoding = 4; lastKnownFileType = sourcecode.c.h; path = "compat-1.3.h"; sourceTree = "<group>"; };
		4FC3A9772221870C00B0FE77 /* md5.h */ = {isa = PBXFileReference; fileEncoding = 4; lastKnownFileType = sourcecode.c.h; path = md5.h; sourceTree = "<group>"; };
		4FC3A9782221870C00B0FE77 /* timing.h */ = {isa = PBXFileReference; fileEncoding = 4; lastKnownFileType = sourcecode.c.h; path = timing.h; sourceTree = "<group>"; };
		4FC3A9792221870C00B0FE77 /* arc4.h */ = {isa = PBXFileReference; fileEncoding = 4; lastKnownFileType = sourcecode.c.h; path = arc4.h; sourceTree = "<group>"; };
		4FC3A97A2221870C00B0FE77 /* sha256.h */ = {isa = PBXFileReference; fileEncoding = 4; lastKnownFileType = sourcecode.c.h; path = sha256.h; sourceTree = "<group>"; };
		4FC3A97B2221870C00B0FE77 /* ecdsa.h */ = {isa = PBXFileReference; fileEncoding = 4; lastKnownFileType = sourcecode.c.h; path = ecdsa.h; sourceTree = "<group>"; };
		4FC3A97C2221870C00B0FE77 /* md.h */ = {isa = PBXFileReference; fileEncoding = 4; lastKnownFileType = sourcecode.c.h; path = md.h; sourceTree = "<group>"; };
		4FC3A97D2221870C00B0FE77 /* cipher.h */ = {isa = PBXFileReference; fileEncoding = 4; lastKnownFileType = sourcecode.c.h; path = cipher.h; sourceTree = "<group>"; };
		4FC3A97E2221870C00B0FE77 /* ecjpake.h */ = {isa = PBXFileReference; fileEncoding = 4; lastKnownFileType = sourcecode.c.h; path = ecjpake.h; sourceTree = "<group>"; };
		4FC3A97F2221870C00B0FE77 /* net_sockets.h */ = {isa = PBXFileReference; fileEncoding = 4; lastKnownFileType = sourcecode.c.h; path = net_sockets.h; sourceTree = "<group>"; };
		4FC3A9802221870C00B0FE77 /* entropy.h */ = {isa = PBXFileReference; fileEncoding = 4; lastKnownFileType = sourcecode.c.h; path = entropy.h; sourceTree = "<group>"; };
		4FC3A9812221870C00B0FE77 /* pkcs12.h */ = {isa = PBXFileReference; fileEncoding = 4; lastKnownFileType = sourcecode.c.h; path = pkcs12.h; sourceTree = "<group>"; };
		4FC3A9822221870C00B0FE77 /* padlock.h */ = {isa = PBXFileReference; fileEncoding = 4; lastKnownFileType = sourcecode.c.h; path = padlock.h; sourceTree = "<group>"; };
		4FC3A9832221870C00B0FE77 /* sha512.h */ = {isa = PBXFileReference; fileEncoding = 4; lastKnownFileType = sourcecode.c.h; path = sha512.h; sourceTree = "<group>"; };
		4FC3A9842221870C00B0FE77 /* bn_mul.h */ = {isa = PBXFileReference; fileEncoding = 4; lastKnownFileType = sourcecode.c.h; path = bn_mul.h; sourceTree = "<group>"; };
		4FC3A9852221870C00B0FE77 /* pk.h */ = {isa = PBXFileReference; fileEncoding = 4; lastKnownFileType = sourcecode.c.h; path = pk.h; sourceTree = "<group>"; };
		4FC3A9862221870C00B0FE77 /* ecp_internal.h */ = {isa = PBXFileReference; fileEncoding = 4; lastKnownFileType = sourcecode.c.h; path = ecp_internal.h; sourceTree = "<group>"; };
		4FC3A9872221870C00B0FE77 /* ssl.h */ = {isa = PBXFileReference; fileEncoding = 4; lastKnownFileType = sourcecode.c.h; path = ssl.h; sourceTree = "<group>"; };
		4FC3A9882221870C00B0FE77 /* platform_time.h */ = {isa = PBXFileReference; fileEncoding = 4; lastKnownFileType = sourcecode.c.h; path = platform_time.h; sourceTree = "<group>"; };
		4FC3A9892221870C00B0FE77 /* camellia.h */ = {isa = PBXFileReference; fileEncoding = 4; lastKnownFileType = sourcecode.c.h; path = camellia.h; sourceTree = "<group>"; };
		4FC3A98A2221870C00B0FE77 /* md4.h */ = {isa = PBXFileReference; fileEncoding = 4; lastKnownFileType = sourcecode.c.h; path = md4.h; sourceTree = "<group>"; };
		4FC3A98B2221870C00B0FE77 /* x509_crt.h */ = {isa = PBXFileReference; fileEncoding = 4; lastKnownFileType = sourcecode.c.h; path = x509_crt.h; sourceTree = "<group>"; };
		4FC3A98C2221870C00B0FE77 /* aes.h */ = {isa = PBXFileReference; fileEncoding = 4; lastKnownFileType = sourcecode.c.h; path = aes.h; sourceTree = "<group>"; };
		4FC3A98D2221870C00B0FE77 /* pk_internal.h */ = {isa = PBXFileReference; fileEncoding = 4; lastKnownFileType = sourcecode.c.h; path = pk_internal.h; sourceTree = "<group>"; };
		4FC3A98E2221870C00B0FE77 /* ssl_cookie.h */ = {isa = PBXFileReference; fileEncoding = 4; lastKnownFileType = sourcecode.c.h; path = ssl_cookie.h; sourceTree = "<group>"; };
		4FC3A98F2221870C00B0FE77 /* dhm.h */ = {isa = PBXFileReference; fileEncoding = 4; lastKnownFileType = sourcecode.c.h; path = dhm.h; sourceTree = "<group>"; };
		4FC3A9902221870C00B0FE77 /* aesni.h */ = {isa = PBXFileReference; fileEncoding = 4; lastKnownFileType = sourcecode.c.h; path = aesni.h; sourceTree = "<group>"; };
		4FC3A9912221870C00B0FE77 /* ctr_drbg.h */ = {isa = PBXFileReference; fileEncoding = 4; lastKnownFileType = sourcecode.c.h; path = ctr_drbg.h; sourceTree = "<group>"; };
		4FC3A9922221870C00B0FE77 /* des.h */ = {isa = PBXFileReference; fileEncoding = 4; lastKnownFileType = sourcecode.c.h; path = des.h; sourceTree = "<group>"; };
		4FC3A9932221870C00B0FE77 /* x509_crl.h */ = {isa = PBXFileReference; fileEncoding = 4; lastKnownFileType = sourcecode.c.h; path = x509_crl.h; sourceTree = "<group>"; };
		4FC3A9942221870C00B0FE77 /* ecdh.h */ = {isa = PBXFileReference; fileEncoding = 4; lastKnownFileType = sourcecode.c.h; path = ecdh.h; sourceTree = "<group>"; };
		4FC3A9952221870C00B0FE77 /* sha1.h */ = {isa = PBXFileReference; fileEncoding = 4; lastKnownFileType = sourcecode.c.h; path = sha1.h; sourceTree = "<group>"; };
		4FC3A9962221870C00B0FE77 /* gcm.h */ = {isa = PBXFileReference; fileEncoding = 4; lastKnownFileType = sourcecode.c.h; path = gcm.h; sourceTree = "<group>"; };
		4FC3A9972221870C00B0FE77 /* certs.h */ = {isa = PBXFileReference; fileEncoding = 4; lastKnownFileType = sourcecode.c.h; path = certs.h; sourceTree = "<group>"; };
		4FC3A9982221870C00B0FE77 /* rsa.h */ = {isa = PBXFileReference; fileEncoding = 4; lastKnownFileType = sourcecode.c.h; path = rsa.h; sourceTree = "<group>"; };
		4FC3A9992221870C00B0FE77 /* hmac_drbg.h */ = {isa = PBXFileReference; fileEncoding = 4; lastKnownFileType = sourcecode.c.h; path = hmac_drbg.h; sourceTree = "<group>"; };
		4FC3A99A2221870C00B0FE77 /* ssl_ticket.h */ = {isa = PBXFileReference; fileEncoding = 4; lastKnownFileType = sourcecode.c.h; path = ssl_ticket.h; sourceTree = "<group>"; };
		4FC3A99B2221870C00B0FE77 /* ssl_ciphersuites.h */ = {isa = PBXFileReference; fileEncoding = 4; lastKnownFileType = sourcecode.c.h; path = ssl_ciphersuites.h; sourceTree = "<group>"; };
		4FC3A99C2221870C00B0FE77 /* ssl_cache.h */ = {isa = PBXFileReference; fileEncoding = 4; lastKnownFileType = sourcecode.c.h; path = ssl_cache.h; sourceTree = "<group>"; };
		4FC3A99D2221870C00B0FE77 /* cmac.h */ = {isa = PBXFileReference; fileEncoding = 4; lastKnownFileType = sourcecode.c.h; path = cmac.h; sourceTree = "<group>"; };
		4FC3A99E2221870C00B0FE77 /* platform.h */ = {isa = PBXFileReference; fileEncoding = 4; lastKnownFileType = sourcecode.c.h; path = platform.h; sourceTree = "<group>"; };
		4FC3A99F2221870C00B0FE77 /* bignum.h */ = {isa = PBXFileReference; fileEncoding = 4; lastKnownFileType = sourcecode.c.h; path = bignum.h; sourceTree = "<group>"; };
		4FC3A9A02221870C00B0FE77 /* entropy_poll.h */ = {isa = PBXFileReference; fileEncoding = 4; lastKnownFileType = sourcecode.c.h; path = entropy_poll.h; sourceTree = "<group>"; };
		4FC3A9A12221870C00B0FE77 /* havege.h */ = {isa = PBXFileReference; fileEncoding = 4; lastKnownFileType = sourcecode.c.h; path = havege.h; sourceTree = "<group>"; };
		4FC3A9A22221870C00B0FE77 /* asn1write.h */ = {isa = PBXFileReference; fileEncoding = 4; lastKnownFileType = sourcecode.c.h; path = asn1write.h; sourceTree = "<group>"; };
		4FC3A9A32221870C00B0FE77 /* ccm.h */ = {isa = PBXFileReference; fileEncoding = 4; lastKnownFileType = sourcecode.c.h; path = ccm.h; sourceTree = "<group>"; };
		4FC3A9A42221870C00B0FE77 /* .gitignore */ = {isa = PBXFileReference; fileEncoding = 4; lastKnownFileType = text; path = .gitignore; sourceTree = "<group>"; };
		4FC3A9A62221870C00B0FE77 /* x509_create.c */ = {isa = PBXFileReference; fileEncoding = 4; lastKnownFileType = sourcecode.c.c; path = x509_create.c; sourceTree = "<group>"; };
		4FC3A9A72221870C00B0FE77 /* x509_crt.c */ = {isa = PBXFileReference; fileEncoding = 4; lastKnownFileType = sourcecode.c.c; path = x509_crt.c; sourceTree = "<group>"; };
		4FC3A9A82221870C00B0FE77 /* aes.c */ = {isa = PBXFileReference; fileEncoding = 4; lastKnownFileType = sourcecode.c.c; path = aes.c; sourceTree = "<group>"; };
		4FC3A9A92221870C00B0FE77 /* md4.c */ = {isa = PBXFileReference; fileEncoding = 4; lastKnownFileType = sourcecode.c.c; path = md4.c; sourceTree = "<group>"; };
		4FC3A9AA2221870C00B0FE77 /* ssl_srv.c */ = {isa = PBXFileReference; fileEncoding = 4; lastKnownFileType = sourcecode.c.c; path = ssl_srv.c; sourceTree = "<group>"; };
		4FC3A9AB2221870C00B0FE77 /* camellia.c */ = {isa = PBXFileReference; fileEncoding = 4; lastKnownFileType = sourcecode.c.c; path = camellia.c; sourceTree = "<group>"; };
		4FC3A9AC2221870C00B0FE77 /* pk_wrap.c */ = {isa = PBXFileReference; fileEncoding = 4; lastKnownFileType = sourcecode.c.c; path = pk_wrap.c; sourceTree = "<group>"; };
		4FC3A9AD2221870C00B0FE77 /* pk.c */ = {isa = PBXFileReference; fileEncoding = 4; lastKnownFileType = sourcecode.c.c; path = pk.c; sourceTree = "<group>"; };
		4FC3A9AE2221870C00B0FE77 /* CMakeLists.txt */ = {isa = PBXFileReference; fileEncoding = 4; lastKnownFileType = text; path = CMakeLists.txt; sourceTree = "<group>"; };
		4FC3A9AF2221870C00B0FE77 /* ecdh.c */ = {isa = PBXFileReference; fileEncoding = 4; lastKnownFileType = sourcecode.c.c; path = ecdh.c; sourceTree = "<group>"; };
		4FC3A9B02221870C00B0FE77 /* ssl_tls.c */ = {isa = PBXFileReference; fileEncoding = 4; lastKnownFileType = sourcecode.c.c; path = ssl_tls.c; sourceTree = "<group>"; };
		4FC3A9B12221870C00B0FE77 /* x509_crl.c */ = {isa = PBXFileReference; fileEncoding = 4; lastKnownFileType = sourcecode.c.c; path = x509_crl.c; sourceTree = "<group>"; };
		4FC3A9B22221870C00B0FE77 /* cipher_wrap.c */ = {isa = PBXFileReference; fileEncoding = 4; lastKnownFileType = sourcecode.c.c; path = cipher_wrap.c; sourceTree = "<group>"; };
		4FC3A9B32221870C00B0FE77 /* des.c */ = {isa = PBXFileReference; fileEncoding = 4; lastKnownFileType = sourcecode.c.c; path = des.c; sourceTree = "<group>"; };
		4FC3A9B42221870C00B0FE77 /* ssl_cookie.c */ = {isa = PBXFileReference; fileEncoding = 4; lastKnownFileType = sourcecode.c.c; path = ssl_cookie.c; sourceTree = "<group>"; };
		4FC3A9B52221870C00B0FE77 /* ctr_drbg.c */ = {isa = PBXFileReference; fileEncoding = 4; lastKnownFileType = sourcecode.c.c; path = ctr_drbg.c; sourceTree = "<group>"; };
		4FC3A9B62221870C00B0FE77 /* aesni.c */ = {isa = PBXFileReference; fileEncoding = 4; lastKnownFileType = sourcecode.c.c; path = aesni.c; sourceTree = "<group>"; };
		4FC3A9B72221870C00B0FE77 /* dhm.c */ = {isa = PBXFileReference; fileEncoding = 4; lastKnownFileType = sourcecode.c.c; path = dhm.c; sourceTree = "<group>"; };
		4FC3A9B82221870C00B0FE77 /* ssl_cache.c */ = {isa = PBXFileReference; fileEncoding = 4; lastKnownFileType = sourcecode.c.c; path = ssl_cache.c; sourceTree = "<group>"; };
		4FC3A9B92221870C00B0FE77 /* ssl_ciphersuites.c */ = {isa = PBXFileReference; fileEncoding = 4; lastKnownFileType = sourcecode.c.c; path = ssl_ciphersuites.c; sourceTree = "<group>"; };
		4FC3A9BA2221870C00B0FE77 /* Makefile */ = {isa = PBXFileReference; fileEncoding = 4; lastKnownFileType = sourcecode.make; path = Makefile; sourceTree = "<group>"; };
		4FC3A9BB2221870C00B0FE77 /* hmac_drbg.c */ = {isa = PBXFileReference; fileEncoding = 4; lastKnownFileType = sourcecode.c.c; path = hmac_drbg.c; sourceTree = "<group>"; };
		4FC3A9BC2221870C00B0FE77 /* rsa.c */ = {isa = PBXFileReference; fileEncoding = 4; lastKnownFileType = sourcecode.c.c; path = rsa.c; sourceTree = "<group>"; };
		4FC3A9BD2221870C00B0FE77 /* ssl_ticket.c */ = {isa = PBXFileReference; fileEncoding = 4; lastKnownFileType = sourcecode.c.c; path = ssl_ticket.c; sourceTree = "<group>"; };
		4FC3A9BE2221870C00B0FE77 /* asn1parse.c */ = {isa = PBXFileReference; fileEncoding = 4; lastKnownFileType = sourcecode.c.c; path = asn1parse.c; sourceTree = "<group>"; };
		4FC3A9BF2221870C00B0FE77 /* certs.c */ = {isa = PBXFileReference; fileEncoding = 4; lastKnownFileType = sourcecode.c.c; path = certs.c; sourceTree = "<group>"; };
		4FC3A9C02221870C00B0FE77 /* pkwrite.c */ = {isa = PBXFileReference; fileEncoding = 4; lastKnownFileType = sourcecode.c.c; path = pkwrite.c; sourceTree = "<group>"; };
		4FC3A9C12221870C00B0FE77 /* gcm.c */ = {isa = PBXFileReference; fileEncoding = 4; lastKnownFileType = sourcecode.c.c; path = gcm.c; sourceTree = "<group>"; };
		4FC3A9C22221870C00B0FE77 /* sha1.c */ = {isa = PBXFileReference; fileEncoding = 4; lastKnownFileType = sourcecode.c.c; path = sha1.c; sourceTree = "<group>"; };
		4FC3A9C32221870C00B0FE77 /* asn1write.c */ = {isa = PBXFileReference; fileEncoding = 4; lastKnownFileType = sourcecode.c.c; path = asn1write.c; sourceTree = "<group>"; };
		4FC3A9C42221870C00B0FE77 /* havege.c */ = {isa = PBXFileReference; fileEncoding = 4; lastKnownFileType = sourcecode.c.c; path = havege.c; sourceTree = "<group>"; };
		4FC3A9C52221870C00B0FE77 /* ccm.c */ = {isa = PBXFileReference; fileEncoding = 4; lastKnownFileType = sourcecode.c.c; path = ccm.c; sourceTree = "<group>"; };
		4FC3A9C62221870C00B0FE77 /* version_features.c */ = {isa = PBXFileReference; fileEncoding = 4; lastKnownFileType = sourcecode.c.c; path = version_features.c; sourceTree = "<group>"; };
		4FC3A9C72221870C00B0FE77 /* entropy_poll.c */ = {isa = PBXFileReference; fileEncoding = 4; lastKnownFileType = sourcecode.c.c; path = entropy_poll.c; sourceTree = "<group>"; };
		4FC3A9C82221870C00B0FE77 /* x509write_csr.c */ = {isa = PBXFileReference; fileEncoding = 4; lastKnownFileType = sourcecode.c.c; path = x509write_csr.c; sourceTree = "<group>"; };
		4FC3A9C92221870C00B0FE77 /* platform.c */ = {isa = PBXFileReference; fileEncoding = 4; lastKnownFileType = sourcecode.c.c; path = platform.c; sourceTree = "<group>"; };
		4FC3A9CA2221870C00B0FE77 /* cmac.c */ = {isa = PBXFileReference; fileEncoding = 4; lastKnownFileType = sourcecode.c.c; path = cmac.c; sourceTree = "<group>"; };
		4FC3A9CB2221870C00B0FE77 /* bignum.c */ = {isa = PBXFileReference; fileEncoding = 4; lastKnownFileType = sourcecode.c.c; path = bignum.c; sourceTree = "<group>"; };
		4FC3A9CC2221870C00B0FE77 /* pkparse.c */ = {isa = PBXFileReference; fileEncoding = 4; lastKnownFileType = sourcecode.c.c; path = pkparse.c; sourceTree = "<group>"; };
		4FC3A9CD2221870C00B0FE77 /* debug.c */ = {isa = PBXFileReference; fileEncoding = 4; lastKnownFileType = sourcecode.c.c; path = debug.c; sourceTree = "<group>"; };
		4FC3A9CE2221870C00B0FE77 /* ripemd160.c */ = {isa = PBXFileReference; fileEncoding = 4; lastKnownFileType = sourcecode.c.c; path = ripemd160.c; sourceTree = "<group>"; };
		4FC3A9CF2221870C00B0FE77 /* ssl_cli.c */ = {isa = PBXFileReference; fileEncoding = 4; lastKnownFileType = sourcecode.c.c; path = ssl_cli.c; sourceTree = "<group>"; };
		4FC3A9D02221870C00B0FE77 /* blowfish.c */ = {isa = PBXFileReference; fileEncoding = 4; lastKnownFileType = sourcecode.c.c; path = blowfish.c; sourceTree = "<group>"; };
		4FC3A9D12221870C00B0FE77 /* pkcs5.c */ = {isa = PBXFileReference; fileEncoding = 4; lastKnownFileType = sourcecode.c.c; path = pkcs5.c; sourceTree = "<group>"; };
		4FC3A9D22221870C00B0FE77 /* pem.c */ = {isa = PBXFileReference; fileEncoding = 4; lastKnownFileType = sourcecode.c.c; path = pem.c; sourceTree = "<group>"; };
		4FC3A9D32221870C00B0FE77 /* .gitignore */ = {isa = PBXFileReference; fileEncoding = 4; lastKnownFileType = text; path = .gitignore; sourceTree = "<group>"; };
		4FC3A9D42221870C00B0FE77 /* oid.c */ = {isa = PBXFileReference; fileEncoding = 4; lastKnownFileType = sourcecode.c.c; path = oid.c; sourceTree = "<group>"; };
		4FC3A9D52221870C00B0FE77 /* error.c */ = {isa = PBXFileReference; fileEncoding = 4; lastKnownFileType = sourcecode.c.c; path = error.c; sourceTree = "<group>"; };
		4FC3A9D62221870C00B0FE77 /* md2.c */ = {isa = PBXFileReference; fileEncoding = 4; lastKnownFileType = sourcecode.c.c; path = md2.c; sourceTree = "<group>"; };
		4FC3A9D72221870C00B0FE77 /* md_wrap.c */ = {isa = PBXFileReference; fileEncoding = 4; lastKnownFileType = sourcecode.c.c; path = md_wrap.c; sourceTree = "<group>"; };
		4FC3A9D82221870C00B0FE77 /* x509_csr.c */ = {isa = PBXFileReference; fileEncoding = 4; lastKnownFileType = sourcecode.c.c; path = x509_csr.c; sourceTree = "<group>"; };
		4FC3A9D92221870C00B0FE77 /* pkcs11.c */ = {isa = PBXFileReference; fileEncoding = 4; lastKnownFileType = sourcecode.c.c; path = pkcs11.c; sourceTree = "<group>"; };
		4FC3A9DA2221870C00B0FE77 /* base64.c */ = {isa = PBXFileReference; fileEncoding = 4; lastKnownFileType = sourcecode.c.c; path = base64.c; sourceTree = "<group>"; };
		4FC3A9DB2221870C00B0FE77 /* memory_buffer_alloc.c */ = {isa = PBXFileReference; fileEncoding = 4; lastKnownFileType = sourcecode.c.c; path = memory_buffer_alloc.c; sourceTree = "<group>"; };
		4FC3A9DC2221870C00B0FE77 /* ecp.c */ = {isa = PBXFileReference; fileEncoding = 4; lastKnownFileType = sourcecode.c.c; path = ecp.c; sourceTree = "<group>"; };
		4FC3A9DD2221870C00B0FE77 /* version.c */ = {isa = PBXFileReference; fileEncoding = 4; lastKnownFileType = sourcecode.c.c; path = version.c; sourceTree = "<group>"; };
		4FC3A9DE2221870C00B0FE77 /* x509.c */ = {isa = PBXFileReference; fileEncoding = 4; lastKnownFileType = sourcecode.c.c; path = x509.c; sourceTree = "<group>"; };
		4FC3A9DF2221870C00B0FE77 /* sha256.c */ = {isa = PBXFileReference; fileEncoding = 4; lastKnownFileType = sourcecode.c.c; path = sha256.c; sourceTree = "<group>"; };
		4FC3A9E02221870C00B0FE77 /* ecp_curves.c */ = {isa = PBXFileReference; fileEncoding = 4; lastKnownFileType = sourcecode.c.c; path = ecp_curves.c; sourceTree = "<group>"; };
		4FC3A9E12221870C00B0FE77 /* md5.c */ = {isa = PBXFileReference; fileEncoding = 4; lastKnownFileType = sourcecode.c.c; path = md5.c; sourceTree = "<group>"; };
		4FC3A9E22221870C00B0FE77 /* arc4.c */ = {isa = PBXFileReference; fileEncoding = 4; lastKnownFileType = sourcecode.c.c; path = arc4.c; sourceTree = "<group>"; };
		4FC3A9E32221870C00B0FE77 /* timing.c */ = {isa = PBXFileReference; fileEncoding = 4; lastKnownFileType = sourcecode.c.c; path = timing.c; sourceTree = "<group>"; };
		4FC3A9E42221870C00B0FE77 /* xtea.c */ = {isa = PBXFileReference; fileEncoding = 4; lastKnownFileType = sourcecode.c.c; path = xtea.c; sourceTree = "<group>"; };
		4FC3A9E52221870C00B0FE77 /* x509write_crt.c */ = {isa = PBXFileReference; fileEncoding = 4; lastKnownFileType = sourcecode.c.c; path = x509write_crt.c; sourceTree = "<group>"; };
		4FC3A9E62221870C00B0FE77 /* threading.c */ = {isa = PBXFileReference; fileEncoding = 4; lastKnownFileType = sourcecode.c.c; path = threading.c; sourceTree = "<group>"; };
		4FC3A9E72221870C00B0FE77 /* padlock.c */ = {isa = PBXFileReference; fileEncoding = 4; lastKnownFileType = sourcecode.c.c; path = padlock.c; sourceTree = "<group>"; };
		4FC3A9E82221870C00B0FE77 /* pkcs12.c */ = {isa = PBXFileReference; fileEncoding = 4; lastKnownFileType = sourcecode.c.c; path = pkcs12.c; sourceTree = "<group>"; };
		4FC3A9E92221870C00B0FE77 /* entropy.c */ = {isa = PBXFileReference; fileEncoding = 4; lastKnownFileType = sourcecode.c.c; path = entropy.c; sourceTree = "<group>"; };
		4FC3A9EA2221870C00B0FE77 /* net_sockets.c */ = {isa = PBXFileReference; fileEncoding = 4; lastKnownFileType = sourcecode.c.c; path = net_sockets.c; sourceTree = "<group>"; };
		4FC3A9EB2221870C00B0FE77 /* sha512.c */ = {isa = PBXFileReference; fileEncoding = 4; lastKnownFileType = sourcecode.c.c; path = sha512.c; sourceTree = "<group>"; };
		4FC3A9EC2221870C00B0FE77 /* md.c */ = {isa = PBXFileReference; fileEncoding = 4; lastKnownFileType = sourcecode.c.c; path = md.c; sourceTree = "<group>"; };
		4FC3A9ED2221870C00B0FE77 /* ecjpake.c */ = {isa = PBXFileReference; fileEncoding = 4; lastKnownFileType = sourcecode.c.c; path = ecjpake.c; sourceTree = "<group>"; };
		4FC3A9EE2221870C00B0FE77 /* cipher.c */ = {isa = PBXFileReference; fileEncoding = 4; lastKnownFileType = sourcecode.c.c; path = cipher.c; sourceTree = "<group>"; };
		4FC3A9EF2221870C00B0FE77 /* ecdsa.c */ = {isa = PBXFileReference; fileEncoding = 4; lastKnownFileType = sourcecode.c.c; path = ecdsa.c; sourceTree = "<group>"; };
		4FC3AA4B222387AF00B0FE77 /* fd_aes_helper.c */ = {isa = PBXFileReference; fileEncoding = 4; lastKnownFileType = sourcecode.c.c; path = fd_aes_helper.c; sourceTree = "<group>"; };
		4FC3AA4C222387AF00B0FE77 /* fd_aes_helper.h */ = {isa = PBXFileReference; fileEncoding = 4; lastKnownFileType = sourcecode.c.h; path = fd_aes_helper.h; sourceTree = "<group>"; };
		4FC3AA4E222387AF00B0FE77 /* fd_zlib_helper.h */ = {isa = PBXFileReference; fileEncoding = 4; lastKnownFileType = sourcecode.c.h; path = fd_zlib_helper.h; sourceTree = "<group>"; };
		4FC3AA4F222387AF00B0FE77 /* fd_zlib_helper.c */ = {isa = PBXFileReference; fileEncoding = 4; lastKnownFileType = sourcecode.c.c; path = fd_zlib_helper.c; sourceTree = "<group>"; };
		4FC3AA7122241B4B00B0FE77 /* fd_mmap_helper.c */ = {isa = PBXFileReference; fileEncoding = 4; lastKnownFileType = sourcecode.c.c; path = fd_mmap_helper.c; sourceTree = "<group>"; };
		4FC3AA7222241B4B00B0FE77 /* fd_mmap_helper.h */ = {isa = PBXFileReference; fileEncoding = 4; lastKnownFileType = sourcecode.c.h; path = fd_mmap_helper.h; sourceTree = "<group>"; };
		4FC3AA7522241BE100B0FE77 /* fd_console_helper.h */ = {isa = PBXFileReference; fileEncoding = 4; lastKnownFileType = sourcecode.c.h; path = fd_console_helper.h; sourceTree = "<group>"; };
		4FC3AA7622241BE100B0FE77 /* fd_console_helper.c */ = {isa = PBXFileReference; fileEncoding = 4; lastKnownFileType = sourcecode.c.c; path = fd_console_helper.c; sourceTree = "<group>"; };
		4FC3AA982224DFE300B0FE77 /* fd_directory_helper.h */ = {isa = PBXFileReference; fileEncoding = 4; lastKnownFileType = sourcecode.c.h; path = fd_directory_helper.h; sourceTree = "<group>"; };
		4FC3AA992224DFE300B0FE77 /* fd_directory_helper.c */ = {isa = PBXFileReference; fileEncoding = 4; lastKnownFileType = sourcecode.c.c; path = fd_directory_helper.c; sourceTree = "<group>"; };
		4FC3AA9C2224E30700B0FE77 /* cJSON.h */ = {isa = PBXFileReference; fileEncoding = 4; lastKnownFileType = sourcecode.c.h; path = cJSON.h; sourceTree = "<group>"; };
		4FC3AA9E2224E30700B0FE77 /* cJSON.c */ = {isa = PBXFileReference; fileEncoding = 4; lastKnownFileType = sourcecode.c.c; path = cJSON.c; sourceTree = "<group>"; };
		4FC3AAA22224E34400B0FE77 /* fd_json_helper.h */ = {isa = PBXFileReference; fileEncoding = 4; lastKnownFileType = sourcecode.c.h; path = fd_json_helper.h; sourceTree = "<group>"; };
		4FC3AAA32224E34400B0FE77 /* fd_json_helper.c */ = {isa = PBXFileReference; fileEncoding = 4; lastKnownFileType = sourcecode.c.c; path = fd_json_helper.c; sourceTree = "<group>"; };
		4FC3AAA922251C6300B0FE77 /* fd_base_helper.h */ = {isa = PBXFileReference; fileEncoding = 4; lastKnownFileType = sourcecode.c.h; path = fd_base_helper.h; sourceTree = "<group>"; };
		4FC3AAAA22251C6300B0FE77 /* fd_base_helper.c */ = {isa = PBXFileReference; fileEncoding = 4; lastKnownFileType = sourcecode.c.c; path = fd_base_helper.c; sourceTree = "<group>"; };
		4FC3AAB4222621B100B0FE77 /* fd_log_status.h */ = {isa = PBXFileReference; fileEncoding = 4; lastKnownFileType = sourcecode.c.h; path = fd_log_status.h; sourceTree = "<group>"; };
		4FC3AAB9222622A100B0FE77 /* fd_construct_data.c */ = {isa = PBXFileReference; fileEncoding = 4; lastKnownFileType = sourcecode.c.c; path = fd_construct_data.c; sourceTree = "<group>"; };
		4FC3AABA222622A100B0FE77 /* fd_construct_data.h */ = {isa = PBXFileReference; fileEncoding = 4; lastKnownFileType = sourcecode.c.h; path = fd_construct_data.h; sourceTree = "<group>"; };
		4FC3AABC22262E5B00B0FE77 /* fd_log.h */ = {isa = PBXFileReference; lastKnownFileType = sourcecode.c.h; path = fd_log.h; sourceTree = "<group>"; };
		4FC3AABD22262E5B00B0FE77 /* fd_log.c */ = {isa = PBXFileReference; lastKnownFileType = sourcecode.c.c; path = fd_log.c; sourceTree = "<group>"; };
/* End PBXFileReference section */

/* Begin PBXFrameworksBuildPhase section */
		4FC3A86F2221856300B0FE77 /* Frameworks */ = {
			isa = PBXFrameworksBuildPhase;
			buildActionMask = 2147483647;
			files = (
			);
			runOnlyForDeploymentPostprocessing = 0;
		};
/* End PBXFrameworksBuildPhase section */

/* Begin PBXGroup section */
		4FC3A8692221856300B0FE77 = {
			isa = PBXGroup;
			children = (
				4FC3A8742221856300B0FE77 /* FDLog-Demo */,
				4FC3A8732221856300B0FE77 /* Products */,
			);
			sourceTree = "<group>";
		};
		4FC3A8732221856300B0FE77 /* Products */ = {
			isa = PBXGroup;
			children = (
				4FC3A8722221856300B0FE77 /* FDLog-Demo */,
			);
			name = Products;
			sourceTree = "<group>";
		};
		4FC3A8742221856300B0FE77 /* FDLog-Demo */ = {
			isa = PBXGroup;
			children = (
				4FC3AAB52226227E00B0FE77 /* format_model */,
				4FC3AAB22226218000B0FE77 /* fdlog */,
				4FC3AAA522251BF200B0FE77 /* utils */,
				4FC3AA9B2224E30700B0FE77 /* json */,
				4FC3AA972224DFE300B0FE77 /* directory */,
				4FC3AA7422241BE100B0FE77 /* print */,
				4FC3AA4A222387AF00B0FE77 /* aes */,
				4FC3AA50222387AF00B0FE77 /* mmap */,
				4FC3AA48222387AF00B0FE77 /* model */,
				4FC3AA4D222387AF00B0FE77 /* zlib */,
				4FC3A95A2221870C00B0FE77 /* mbedtls */,
				4FC3A8752221856300B0FE77 /* main.c */,
			);
			path = "FDLog-Demo";
			sourceTree = "<group>";
		};
		4FC3A95A2221870C00B0FE77 /* mbedtls */ = {
			isa = PBXGroup;
			children = (
				4FC3A95B2221870C00B0FE77 /* include */,
				4FC3A9A52221870C00B0FE77 /* library */,
			);
			path = mbedtls;
			sourceTree = SOURCE_ROOT;
		};
		4FC3A95B2221870C00B0FE77 /* include */ = {
			isa = PBXGroup;
			children = (
				4FC3A95C2221870C00B0FE77 /* CMakeLists.txt */,
				4FC3A95D2221870C00B0FE77 /* mbedtls */,
				4FC3A9A42221870C00B0FE77 /* .gitignore */,
			);
			path = include;
			sourceTree = "<group>";
		};
		4FC3A95D2221870C00B0FE77 /* mbedtls */ = {
			isa = PBXGroup;
			children = (
				4FC3A95E2221870C00B0FE77 /* pem.h */,
				4FC3A95F2221870C00B0FE77 /* check_config.h */,
				4FC3A9602221870C00B0FE77 /* error.h */,
				4FC3A9612221870C00B0FE77 /* md2.h */,
				4FC3A9622221870C00B0FE77 /* oid.h */,
				4FC3A9632221870C00B0FE77 /* pkcs5.h */,
				4FC3A9642221870C00B0FE77 /* ripemd160.h */,
				4FC3A9652221870C00B0FE77 /* blowfish.h */,
				4FC3A9662221870C00B0FE77 /* debug.h */,
				4FC3A9672221870C00B0FE77 /* x509.h */,
				4FC3A9682221870C00B0FE77 /* version.h */,
				4FC3A9692221870C00B0FE77 /* ecp.h */,
				4FC3A96A2221870C00B0FE77 /* net.h */,
				4FC3A96B2221870C00B0FE77 /* cipher_internal.h */,
				4FC3A96C2221870C00B0FE77 /* md_internal.h */,
				4FC3A96D2221870C00B0FE77 /* base64.h */,
				4FC3A96E2221870C00B0FE77 /* pkcs11.h */,
				4FC3A96F2221870C00B0FE77 /* ssl_internal.h */,
				4FC3A9702221870C00B0FE77 /* asn1.h */,
				4FC3A9712221870C00B0FE77 /* config.h */,
				4FC3A9722221870C00B0FE77 /* memory_buffer_alloc.h */,
				4FC3A9732221870C00B0FE77 /* x509_csr.h */,
				4FC3A9742221870C00B0FE77 /* xtea.h */,
				4FC3A9752221870C00B0FE77 /* threading.h */,
				4FC3A9762221870C00B0FE77 /* compat-1.3.h */,
				4FC3A9772221870C00B0FE77 /* md5.h */,
				4FC3A9782221870C00B0FE77 /* timing.h */,
				4FC3A9792221870C00B0FE77 /* arc4.h */,
				4FC3A97A2221870C00B0FE77 /* sha256.h */,
				4FC3A97B2221870C00B0FE77 /* ecdsa.h */,
				4FC3A97C2221870C00B0FE77 /* md.h */,
				4FC3A97D2221870C00B0FE77 /* cipher.h */,
				4FC3A97E2221870C00B0FE77 /* ecjpake.h */,
				4FC3A97F2221870C00B0FE77 /* net_sockets.h */,
				4FC3A9802221870C00B0FE77 /* entropy.h */,
				4FC3A9812221870C00B0FE77 /* pkcs12.h */,
				4FC3A9822221870C00B0FE77 /* padlock.h */,
				4FC3A9832221870C00B0FE77 /* sha512.h */,
				4FC3A9842221870C00B0FE77 /* bn_mul.h */,
				4FC3A9852221870C00B0FE77 /* pk.h */,
				4FC3A9862221870C00B0FE77 /* ecp_internal.h */,
				4FC3A9872221870C00B0FE77 /* ssl.h */,
				4FC3A9882221870C00B0FE77 /* platform_time.h */,
				4FC3A9892221870C00B0FE77 /* camellia.h */,
				4FC3A98A2221870C00B0FE77 /* md4.h */,
				4FC3A98B2221870C00B0FE77 /* x509_crt.h */,
				4FC3A98C2221870C00B0FE77 /* aes.h */,
				4FC3A98D2221870C00B0FE77 /* pk_internal.h */,
				4FC3A98E2221870C00B0FE77 /* ssl_cookie.h */,
				4FC3A98F2221870C00B0FE77 /* dhm.h */,
				4FC3A9902221870C00B0FE77 /* aesni.h */,
				4FC3A9912221870C00B0FE77 /* ctr_drbg.h */,
				4FC3A9922221870C00B0FE77 /* des.h */,
				4FC3A9932221870C00B0FE77 /* x509_crl.h */,
				4FC3A9942221870C00B0FE77 /* ecdh.h */,
				4FC3A9952221870C00B0FE77 /* sha1.h */,
				4FC3A9962221870C00B0FE77 /* gcm.h */,
				4FC3A9972221870C00B0FE77 /* certs.h */,
				4FC3A9982221870C00B0FE77 /* rsa.h */,
				4FC3A9992221870C00B0FE77 /* hmac_drbg.h */,
				4FC3A99A2221870C00B0FE77 /* ssl_ticket.h */,
				4FC3A99B2221870C00B0FE77 /* ssl_ciphersuites.h */,
				4FC3A99C2221870C00B0FE77 /* ssl_cache.h */,
				4FC3A99D2221870C00B0FE77 /* cmac.h */,
				4FC3A99E2221870C00B0FE77 /* platform.h */,
				4FC3A99F2221870C00B0FE77 /* bignum.h */,
				4FC3A9A02221870C00B0FE77 /* entropy_poll.h */,
				4FC3A9A12221870C00B0FE77 /* havege.h */,
				4FC3A9A22221870C00B0FE77 /* asn1write.h */,
				4FC3A9A32221870C00B0FE77 /* ccm.h */,
			);
			path = mbedtls;
			sourceTree = "<group>";
		};
		4FC3A9A52221870C00B0FE77 /* library */ = {
			isa = PBXGroup;
			children = (
				4FC3A9A62221870C00B0FE77 /* x509_create.c */,
				4FC3A9A72221870C00B0FE77 /* x509_crt.c */,
				4FC3A9A82221870C00B0FE77 /* aes.c */,
				4FC3A9A92221870C00B0FE77 /* md4.c */,
				4FC3A9AA2221870C00B0FE77 /* ssl_srv.c */,
				4FC3A9AB2221870C00B0FE77 /* camellia.c */,
				4FC3A9AC2221870C00B0FE77 /* pk_wrap.c */,
				4FC3A9AD2221870C00B0FE77 /* pk.c */,
				4FC3A9AE2221870C00B0FE77 /* CMakeLists.txt */,
				4FC3A9AF2221870C00B0FE77 /* ecdh.c */,
				4FC3A9B02221870C00B0FE77 /* ssl_tls.c */,
				4FC3A9B12221870C00B0FE77 /* x509_crl.c */,
				4FC3A9B22221870C00B0FE77 /* cipher_wrap.c */,
				4FC3A9B32221870C00B0FE77 /* des.c */,
				4FC3A9B42221870C00B0FE77 /* ssl_cookie.c */,
				4FC3A9B52221870C00B0FE77 /* ctr_drbg.c */,
				4FC3A9B62221870C00B0FE77 /* aesni.c */,
				4FC3A9B72221870C00B0FE77 /* dhm.c */,
				4FC3A9B82221870C00B0FE77 /* ssl_cache.c */,
				4FC3A9B92221870C00B0FE77 /* ssl_ciphersuites.c */,
				4FC3A9BA2221870C00B0FE77 /* Makefile */,
				4FC3A9BB2221870C00B0FE77 /* hmac_drbg.c */,
				4FC3A9BC2221870C00B0FE77 /* rsa.c */,
				4FC3A9BD2221870C00B0FE77 /* ssl_ticket.c */,
				4FC3A9BE2221870C00B0FE77 /* asn1parse.c */,
				4FC3A9BF2221870C00B0FE77 /* certs.c */,
				4FC3A9C02221870C00B0FE77 /* pkwrite.c */,
				4FC3A9C12221870C00B0FE77 /* gcm.c */,
				4FC3A9C22221870C00B0FE77 /* sha1.c */,
				4FC3A9C32221870C00B0FE77 /* asn1write.c */,
				4FC3A9C42221870C00B0FE77 /* havege.c */,
				4FC3A9C52221870C00B0FE77 /* ccm.c */,
				4FC3A9C62221870C00B0FE77 /* version_features.c */,
				4FC3A9C72221870C00B0FE77 /* entropy_poll.c */,
				4FC3A9C82221870C00B0FE77 /* x509write_csr.c */,
				4FC3A9C92221870C00B0FE77 /* platform.c */,
				4FC3A9CA2221870C00B0FE77 /* cmac.c */,
				4FC3A9CB2221870C00B0FE77 /* bignum.c */,
				4FC3A9CC2221870C00B0FE77 /* pkparse.c */,
				4FC3A9CD2221870C00B0FE77 /* debug.c */,
				4FC3A9CE2221870C00B0FE77 /* ripemd160.c */,
				4FC3A9CF2221870C00B0FE77 /* ssl_cli.c */,
				4FC3A9D02221870C00B0FE77 /* blowfish.c */,
				4FC3A9D12221870C00B0FE77 /* pkcs5.c */,
				4FC3A9D22221870C00B0FE77 /* pem.c */,
				4FC3A9D32221870C00B0FE77 /* .gitignore */,
				4FC3A9D42221870C00B0FE77 /* oid.c */,
				4FC3A9D52221870C00B0FE77 /* error.c */,
				4FC3A9D62221870C00B0FE77 /* md2.c */,
				4FC3A9D72221870C00B0FE77 /* md_wrap.c */,
				4FC3A9D82221870C00B0FE77 /* x509_csr.c */,
				4FC3A9D92221870C00B0FE77 /* pkcs11.c */,
				4FC3A9DA2221870C00B0FE77 /* base64.c */,
				4FC3A9DB2221870C00B0FE77 /* memory_buffer_alloc.c */,
				4FC3A9DC2221870C00B0FE77 /* ecp.c */,
				4FC3A9DD2221870C00B0FE77 /* version.c */,
				4FC3A9DE2221870C00B0FE77 /* x509.c */,
				4FC3A9DF2221870C00B0FE77 /* sha256.c */,
				4FC3A9E02221870C00B0FE77 /* ecp_curves.c */,
				4FC3A9E12221870C00B0FE77 /* md5.c */,
				4FC3A9E22221870C00B0FE77 /* arc4.c */,
				4FC3A9E32221870C00B0FE77 /* timing.c */,
				4FC3A9E42221870C00B0FE77 /* xtea.c */,
				4FC3A9E52221870C00B0FE77 /* x509write_crt.c */,
				4FC3A9E62221870C00B0FE77 /* threading.c */,
				4FC3A9E72221870C00B0FE77 /* padlock.c */,
				4FC3A9E82221870C00B0FE77 /* pkcs12.c */,
				4FC3A9E92221870C00B0FE77 /* entropy.c */,
				4FC3A9EA2221870C00B0FE77 /* net_sockets.c */,
				4FC3A9EB2221870C00B0FE77 /* sha512.c */,
				4FC3A9EC2221870C00B0FE77 /* md.c */,
				4FC3A9ED2221870C00B0FE77 /* ecjpake.c */,
				4FC3A9EE2221870C00B0FE77 /* cipher.c */,
				4FC3A9EF2221870C00B0FE77 /* ecdsa.c */,
			);
			path = library;
			sourceTree = "<group>";
		};
		4FC3AA48222387AF00B0FE77 /* model */ = {
			isa = PBXGroup;
			children = (
				4F7489E6222E3D960042EEA7 /* fd_core_model.h */,
				4F7489E8223235040042EEA7 /* fd_core_model.c */,
			);
			path = model;
			sourceTree = "<group>";
		};
		4FC3AA4A222387AF00B0FE77 /* aes */ = {
			isa = PBXGroup;
			children = (
				4FC3AA4B222387AF00B0FE77 /* fd_aes_helper.c */,
				4FC3AA4C222387AF00B0FE77 /* fd_aes_helper.h */,
			);
			path = aes;
			sourceTree = "<group>";
		};
		4FC3AA4D222387AF00B0FE77 /* zlib */ = {
			isa = PBXGroup;
			children = (
				4FC3AA4E222387AF00B0FE77 /* fd_zlib_helper.h */,
				4FC3AA4F222387AF00B0FE77 /* fd_zlib_helper.c */,
			);
			path = zlib;
			sourceTree = "<group>";
		};
		4FC3AA50222387AF00B0FE77 /* mmap */ = {
			isa = PBXGroup;
			children = (
				4FC3AA7122241B4B00B0FE77 /* fd_mmap_helper.c */,
				4FC3AA7222241B4B00B0FE77 /* fd_mmap_helper.h */,
			);
			path = mmap;
			sourceTree = "<group>";
		};
		4FC3AA7422241BE100B0FE77 /* print */ = {
			isa = PBXGroup;
			children = (
				4FC3AA7522241BE100B0FE77 /* fd_console_helper.h */,
				4FC3AA7622241BE100B0FE77 /* fd_console_helper.c */,
			);
			path = print;
			sourceTree = "<group>";
		};
		4FC3AA972224DFE300B0FE77 /* directory */ = {
			isa = PBXGroup;
			children = (
				4FC3AA982224DFE300B0FE77 /* fd_directory_helper.h */,
				4FC3AA992224DFE300B0FE77 /* fd_directory_helper.c */,
			);
			path = directory;
			sourceTree = "<group>";
		};
		4FC3AA9B2224E30700B0FE77 /* json */ = {
			isa = PBXGroup;
			children = (
				4FC3AAA32224E34400B0FE77 /* fd_json_helper.c */,
				4FC3AAA22224E34400B0FE77 /* fd_json_helper.h */,
				4FC3AA9C2224E30700B0FE77 /* cJSON.h */,
				4FC3AA9E2224E30700B0FE77 /* cJSON.c */,
			);
			path = json;
			sourceTree = "<group>";
		};
		4FC3AAA522251BF200B0FE77 /* utils */ = {
			isa = PBXGroup;
			children = (
				4FC3AAAA22251C6300B0FE77 /* fd_base_helper.c */,
				4FC3AAA922251C6300B0FE77 /* fd_base_helper.h */,
			);
			path = utils;
			sourceTree = "<group>";
		};
		4FC3AAB22226218000B0FE77 /* fdlog */ = {
			isa = PBXGroup;
			children = (
				4FC3AAB4222621B100B0FE77 /* fd_log_status.h */,
				4FC3AABC22262E5B00B0FE77 /* fd_log.h */,
				4FC3AABD22262E5B00B0FE77 /* fd_log.c */,
			);
			path = fdlog;
			sourceTree = "<group>";
		};
		4FC3AAB52226227E00B0FE77 /* format_model */ = {
			isa = PBXGroup;
			children = (
				4FC3AAB9222622A100B0FE77 /* fd_construct_data.c */,
				4FC3AABA222622A100B0FE77 /* fd_construct_data.h */,
			);
			path = format_model;
			sourceTree = "<group>";
		};
/* End PBXGroup section */

/* Begin PBXNativeTarget section */
		4FC3A8712221856300B0FE77 /* FDLog-Demo */ = {
			isa = PBXNativeTarget;
			buildConfigurationList = 4FC3A8792221856300B0FE77 /* Build configuration list for PBXNativeTarget "FDLog-Demo" */;
			buildPhases = (
				4FC3A86E2221856300B0FE77 /* Sources */,
				4FC3A86F2221856300B0FE77 /* Frameworks */,
				4FC3A8702221856300B0FE77 /* CopyFiles */,
			);
			buildRules = (
			);
			dependencies = (
			);
			name = "FDLog-Demo";
			productName = "FDLog-Demo";
			productReference = 4FC3A8722221856300B0FE77 /* FDLog-Demo */;
			productType = "com.apple.product-type.tool";
		};
/* End PBXNativeTarget section */

/* Begin PBXProject section */
		4FC3A86A2221856300B0FE77 /* Project object */ = {
			isa = PBXProject;
			attributes = {
				LastUpgradeCheck = 1010;
				ORGANIZATIONNAME = NIO;
				TargetAttributes = {
					4FC3A8712221856300B0FE77 = {
						CreatedOnToolsVersion = 10.1;
					};
				};
			};
			buildConfigurationList = 4FC3A86D2221856300B0FE77 /* Build configuration list for PBXProject "FDLog-Demo" */;
			compatibilityVersion = "Xcode 9.3";
			developmentRegion = en;
			hasScannedForEncodings = 0;
			knownRegions = (
				en,
			);
			mainGroup = 4FC3A8692221856300B0FE77;
			productRefGroup = 4FC3A8732221856300B0FE77 /* Products */;
			projectDirPath = "";
			projectRoot = "";
			targets = (
				4FC3A8712221856300B0FE77 /* FDLog-Demo */,
			);
		};
/* End PBXProject section */

/* Begin PBXSourcesBuildPhase section */
		4FC3A86E2221856300B0FE77 /* Sources */ = {
			isa = PBXSourcesBuildPhase;
			buildActionMask = 2147483647;
			files = (
				4FC3A9F52221870C00B0FE77 /* camellia.c in Sources */,
				4FC3AA0A2221870C00B0FE77 /* gcm.c in Sources */,
				4FC3AA212221870C00B0FE77 /* pkcs11.c in Sources */,
				4FC3AAA42224E34400B0FE77 /* fd_json_helper.c in Sources */,
				4FC3AA0C2221870C00B0FE77 /* asn1write.c in Sources */,
				4FC3AA362221870C00B0FE77 /* cipher.c in Sources */,
				4FC3AA322221870C00B0FE77 /* net_sockets.c in Sources */,
				4FC3AA082221870C00B0FE77 /* certs.c in Sources */,
				4FC3AA0F2221870C00B0FE77 /* version_features.c in Sources */,
				4FC3A9F12221870C00B0FE77 /* x509_crt.c in Sources */,
				4FC3AAA02224E30700B0FE77 /* cJSON.c in Sources */,
				4FC3AA062221870C00B0FE77 /* ssl_ticket.c in Sources */,
				4FC3AA372221870C00B0FE77 /* ecdsa.c in Sources */,
				4FC3AA52222387AF00B0FE77 /* fd_zlib_helper.c in Sources */,
				4FC3A9FE2221870C00B0FE77 /* ctr_drbg.c in Sources */,
				4FC3AA1D2221870C00B0FE77 /* error.c in Sources */,
				4FC3AA232221870C00B0FE77 /* memory_buffer_alloc.c in Sources */,
				4FC3AA222221870C00B0FE77 /* base64.c in Sources */,
				4FC3AA1E2221870C00B0FE77 /* md2.c in Sources */,
				4FC3AA2F2221870C00B0FE77 /* padlock.c in Sources */,
				4FC3AA352221870C00B0FE77 /* ecjpake.c in Sources */,
				4FC3AA262221870C00B0FE77 /* x509.c in Sources */,
				4FC3AA342221870C00B0FE77 /* md.c in Sources */,
				4FC3AA002221870C00B0FE77 /* dhm.c in Sources */,
				4FC3AA012221870C00B0FE77 /* ssl_cache.c in Sources */,
				4FC3AA252221870C00B0FE77 /* version.c in Sources */,
				4FC3AA192221870C00B0FE77 /* blowfish.c in Sources */,
				4FC3AA2E2221870C00B0FE77 /* threading.c in Sources */,
				4FC3AA0E2221870C00B0FE77 /* ccm.c in Sources */,
				4FC3AA0B2221870C00B0FE77 /* sha1.c in Sources */,
				4FC3AAAB22251C6300B0FE77 /* fd_base_helper.c in Sources */,
				4FC3AA102221870C00B0FE77 /* entropy_poll.c in Sources */,
				4FC3A8762221856300B0FE77 /* main.c in Sources */,
				4FC3AA7722241BE100B0FE77 /* fd_console_helper.c in Sources */,
				4FC3AA282221870C00B0FE77 /* ecp_curves.c in Sources */,
				4FC3AA302221870C00B0FE77 /* pkcs12.c in Sources */,
				4FC3AA2C2221870C00B0FE77 /* xtea.c in Sources */,
				4FC3AA152221870C00B0FE77 /* pkparse.c in Sources */,
				4FC3AA052221870C00B0FE77 /* rsa.c in Sources */,
				4FC3AA2A2221870C00B0FE77 /* arc4.c in Sources */,
				4FC3AA2D2221870C00B0FE77 /* x509write_crt.c in Sources */,
				4FC3A9F02221870C00B0FE77 /* x509_create.c in Sources */,
				4FC3AA042221870C00B0FE77 /* hmac_drbg.c in Sources */,
				4FC3A9FC2221870C00B0FE77 /* des.c in Sources */,
				4FC3AA202221870C00B0FE77 /* x509_csr.c in Sources */,
				4FC3AA292221870C00B0FE77 /* md5.c in Sources */,
				4FC3A9F22221870C00B0FE77 /* aes.c in Sources */,
				4FC3AA2B2221870C00B0FE77 /* timing.c in Sources */,
				4FC3AA1B2221870C00B0FE77 /* pem.c in Sources */,
				4FC3AA1C2221870C00B0FE77 /* oid.c in Sources */,
				4FC3AA312221870C00B0FE77 /* entropy.c in Sources */,
				4FC3A9FB2221870C00B0FE77 /* cipher_wrap.c in Sources */,
				4FC3AA7322241B4B00B0FE77 /* fd_mmap_helper.c in Sources */,
				4FC3AA242221870C00B0FE77 /* ecp.c in Sources */,
				4FC3AA122221870C00B0FE77 /* platform.c in Sources */,
				4FC3AA132221870C00B0FE77 /* cmac.c in Sources */,
				4FC3A9FF2221870C00B0FE77 /* aesni.c in Sources */,
				4FC3AA142221870C00B0FE77 /* bignum.c in Sources */,
				4F7489E9223235040042EEA7 /* fd_core_model.c in Sources */,
				4FC3AA072221870C00B0FE77 /* asn1parse.c in Sources */,
				4FC3AA332221870C00B0FE77 /* sha512.c in Sources */,
				4FC3AA9A2224DFE300B0FE77 /* fd_directory_helper.c in Sources */,
				4FC3AABB222622A100B0FE77 /* fd_construct_data.c in Sources */,
				4FC3A9FA2221870C00B0FE77 /* x509_crl.c in Sources */,
				4FC3AA032221870C00B0FE77 /* Makefile in Sources */,
				4FC3AA022221870C00B0FE77 /* ssl_ciphersuites.c in Sources */,
				4FC3AABE22262E5B00B0FE77 /* fd_log.c in Sources */,
				4FC3AA172221870C00B0FE77 /* ripemd160.c in Sources */,
				4FC3A9F82221870C00B0FE77 /* ecdh.c in Sources */,
				4FC3AA272221870C00B0FE77 /* sha256.c in Sources */,
				4FC3AA182221870C00B0FE77 /* ssl_cli.c in Sources */,
				4FC3A9F92221870C00B0FE77 /* ssl_tls.c in Sources */,
				4FC3AA1A2221870C00B0FE77 /* pkcs5.c in Sources */,
				4FC3AA162221870C00B0FE77 /* debug.c in Sources */,
				4FC3A9F42221870C00B0FE77 /* ssl_srv.c in Sources */,
				4FC3AA51222387AF00B0FE77 /* fd_aes_helper.c in Sources */,
				4FC3AA1F2221870C00B0FE77 /* md_wrap.c in Sources */,
				4FC3A9FD2221870C00B0FE77 /* ssl_cookie.c in Sources */,
				4FC3AA092221870C00B0FE77 /* pkwrite.c in Sources */,
				4FC3AA112221870C00B0FE77 /* x509write_csr.c in Sources */,
				4FC3A9F72221870C00B0FE77 /* pk.c in Sources */,
				4FC3A9F62221870C00B0FE77 /* pk_wrap.c in Sources */,
				4FC3A9F32221870C00B0FE77 /* md4.c in Sources */,
				4FC3AA0D2221870C00B0FE77 /* havege.c in Sources */,
			);
			runOnlyForDeploymentPostprocessing = 0;
		};
/* End PBXSourcesBuildPhase section */

/* Begin XCBuildConfiguration section */
		4FC3A8772221856300B0FE77 /* Debug */ = {
			isa = XCBuildConfiguration;
			buildSettings = {
				ALWAYS_SEARCH_USER_PATHS = NO;
				CLANG_ANALYZER_NONNULL = YES;
				CLANG_ANALYZER_NUMBER_OBJECT_CONVERSION = YES_AGGRESSIVE;
				CLANG_CXX_LANGUAGE_STANDARD = "gnu++14";
				CLANG_CXX_LIBRARY = "libc++";
				CLANG_ENABLE_MODULES = YES;
				CLANG_ENABLE_OBJC_ARC = YES;
				CLANG_ENABLE_OBJC_WEAK = YES;
				CLANG_WARN_BLOCK_CAPTURE_AUTORELEASING = YES;
				CLANG_WARN_BOOL_CONVERSION = YES;
				CLANG_WARN_COMMA = YES;
				CLANG_WARN_CONSTANT_CONVERSION = YES;
				CLANG_WARN_DEPRECATED_OBJC_IMPLEMENTATIONS = YES;
				CLANG_WARN_DIRECT_OBJC_ISA_USAGE = YES_ERROR;
				CLANG_WARN_DOCUMENTATION_COMMENTS = YES;
				CLANG_WARN_EMPTY_BODY = YES;
				CLANG_WARN_ENUM_CONVERSION = YES;
				CLANG_WARN_INFINITE_RECURSION = YES;
				CLANG_WARN_INT_CONVERSION = YES;
				CLANG_WARN_NON_LITERAL_NULL_CONVERSION = YES;
				CLANG_WARN_OBJC_IMPLICIT_RETAIN_SELF = YES;
				CLANG_WARN_OBJC_LITERAL_CONVERSION = YES;
				CLANG_WARN_OBJC_ROOT_CLASS = YES_ERROR;
				CLANG_WARN_RANGE_LOOP_ANALYSIS = YES;
				CLANG_WARN_STRICT_PROTOTYPES = YES;
				CLANG_WARN_SUSPICIOUS_MOVE = YES;
				CLANG_WARN_UNGUARDED_AVAILABILITY = YES_AGGRESSIVE;
				CLANG_WARN_UNREACHABLE_CODE = YES;
				CLANG_WARN__DUPLICATE_METHOD_MATCH = YES;
				CODE_SIGN_IDENTITY = "Mac Developer";
				COPY_PHASE_STRIP = NO;
				DEBUG_INFORMATION_FORMAT = dwarf;
				ENABLE_STRICT_OBJC_MSGSEND = YES;
				ENABLE_TESTABILITY = YES;
				GCC_C_LANGUAGE_STANDARD = gnu11;
				GCC_DYNAMIC_NO_PIC = NO;
				GCC_NO_COMMON_BLOCKS = YES;
				GCC_OPTIMIZATION_LEVEL = 0;
				GCC_PREPROCESSOR_DEFINITIONS = (
					"DEBUG=1",
					"$(inherited)",
				);
				GCC_WARN_64_TO_32_BIT_CONVERSION = YES;
				GCC_WARN_ABOUT_RETURN_TYPE = YES_ERROR;
				GCC_WARN_UNDECLARED_SELECTOR = YES;
				GCC_WARN_UNINITIALIZED_AUTOS = YES_AGGRESSIVE;
				GCC_WARN_UNUSED_FUNCTION = YES;
				GCC_WARN_UNUSED_VARIABLE = YES;
				MACOSX_DEPLOYMENT_TARGET = 10.14;
				MTL_ENABLE_DEBUG_INFO = INCLUDE_SOURCE;
				MTL_FAST_MATH = YES;
				ONLY_ACTIVE_ARCH = YES;
				SDKROOT = macosx;
			};
			name = Debug;
		};
		4FC3A8782221856300B0FE77 /* Release */ = {
			isa = XCBuildConfiguration;
			buildSettings = {
				ALWAYS_SEARCH_USER_PATHS = NO;
				CLANG_ANALYZER_NONNULL = YES;
				CLANG_ANALYZER_NUMBER_OBJECT_CONVERSION = YES_AGGRESSIVE;
				CLANG_CXX_LANGUAGE_STANDARD = "gnu++14";
				CLANG_CXX_LIBRARY = "libc++";
				CLANG_ENABLE_MODULES = YES;
				CLANG_ENABLE_OBJC_ARC = YES;
				CLANG_ENABLE_OBJC_WEAK = YES;
				CLANG_WARN_BLOCK_CAPTURE_AUTORELEASING = YES;
				CLANG_WARN_BOOL_CONVERSION = YES;
				CLANG_WARN_COMMA = YES;
				CLANG_WARN_CONSTANT_CONVERSION = YES;
				CLANG_WARN_DEPRECATED_OBJC_IMPLEMENTATIONS = YES;
				CLANG_WARN_DIRECT_OBJC_ISA_USAGE = YES_ERROR;
				CLANG_WARN_DOCUMENTATION_COMMENTS = YES;
				CLANG_WARN_EMPTY_BODY = YES;
				CLANG_WARN_ENUM_CONVERSION = YES;
				CLANG_WARN_INFINITE_RECURSION = YES;
				CLANG_WARN_INT_CONVERSION = YES;
				CLANG_WARN_NON_LITERAL_NULL_CONVERSION = YES;
				CLANG_WARN_OBJC_IMPLICIT_RETAIN_SELF = YES;
				CLANG_WARN_OBJC_LITERAL_CONVERSION = YES;
				CLANG_WARN_OBJC_ROOT_CLASS = YES_ERROR;
				CLANG_WARN_RANGE_LOOP_ANALYSIS = YES;
				CLANG_WARN_STRICT_PROTOTYPES = YES;
				CLANG_WARN_SUSPICIOUS_MOVE = YES;
				CLANG_WARN_UNGUARDED_AVAILABILITY = YES_AGGRESSIVE;
				CLANG_WARN_UNREACHABLE_CODE = YES;
				CLANG_WARN__DUPLICATE_METHOD_MATCH = YES;
				CODE_SIGN_IDENTITY = "Mac Developer";
				COPY_PHASE_STRIP = NO;
				DEBUG_INFORMATION_FORMAT = "dwarf-with-dsym";
				ENABLE_NS_ASSERTIONS = NO;
				ENABLE_STRICT_OBJC_MSGSEND = YES;
				GCC_C_LANGUAGE_STANDARD = gnu11;
				GCC_NO_COMMON_BLOCKS = YES;
				GCC_WARN_64_TO_32_BIT_CONVERSION = YES;
				GCC_WARN_ABOUT_RETURN_TYPE = YES_ERROR;
				GCC_WARN_UNDECLARED_SELECTOR = YES;
				GCC_WARN_UNINITIALIZED_AUTOS = YES_AGGRESSIVE;
				GCC_WARN_UNUSED_FUNCTION = YES;
				GCC_WARN_UNUSED_VARIABLE = YES;
				MACOSX_DEPLOYMENT_TARGET = 10.14;
				MTL_ENABLE_DEBUG_INFO = NO;
				MTL_FAST_MATH = YES;
				SDKROOT = macosx;
			};
			name = Release;
		};
		4FC3A87A2221856300B0FE77 /* Debug */ = {
			isa = XCBuildConfiguration;
			buildSettings = {
				CODE_SIGN_STYLE = Automatic;
				DEVELOPMENT_TEAM = N9W54366BJ;
				HEADER_SEARCH_PATHS = mbedtls/include/;
				PRODUCT_NAME = "$(TARGET_NAME)";
			};
			name = Debug;
		};
		4FC3A87B2221856300B0FE77 /* Release */ = {
			isa = XCBuildConfiguration;
			buildSettings = {
				CODE_SIGN_STYLE = Automatic;
				DEVELOPMENT_TEAM = N9W54366BJ;
				HEADER_SEARCH_PATHS = mbedtls/include/;
				PRODUCT_NAME = "$(TARGET_NAME)";
			};
			name = Release;
		};
/* End XCBuildConfiguration section */

/* Begin XCConfigurationList section */
		4FC3A86D2221856300B0FE77 /* Build configuration list for PBXProject "FDLog-Demo" */ = {
			isa = XCConfigurationList;
			buildConfigurations = (
				4FC3A8772221856300B0FE77 /* Debug */,
				4FC3A8782221856300B0FE77 /* Release */,
			);
			defaultConfigurationIsVisible = 0;
			defaultConfigurationName = Release;
		};
		4FC3A8792221856300B0FE77 /* Build configuration list for PBXNativeTarget "FDLog-Demo" */ = {
			isa = XCConfigurationList;
			buildConfigurations = (
				4FC3A87A2221856300B0FE77 /* Debug */,
				4FC3A87B2221856300B0FE77 /* Release */,
			);
			defaultConfigurationIsVisible = 0;
			defaultConfigurationName = Release;
		};
/* End XCConfigurationList section */
	};
	rootObject = 4FC3A86A2221856300B0FE77 /* Project object */;
}
